
Microsoft Visual Studio Solution File, Format Version 12.00
Project("{FAE04EC0-301F-11D3-BF4B-00C04F79EFBC}") = "Ares", "Ares\Ares.csproj", "{3D719C8B-20B1-43D3-896F-146092DDD04A}"
EndProject
Project("{FAE04EC0-301F-11D3-BF4B-00C04F79EFBC}") = "Apicalypse.Test", "Apicalypse.Test\Apicalypse.Test.csproj", "{805B072E-9B18-4C59-90B1-B06699227864}"
EndProject
Global
	GlobalSection(SolutionConfigurationPlatforms) = preSolution
		Debug|Any CPU = Debug|Any CPU
		Release|Any CPU = Release|Any CPU
	EndGlobalSection
	GlobalSection(ProjectConfigurationPlatforms) = postSolution
		{3D719C8B-20B1-43D3-896F-146092DDD04A}.Debug|Any CPU.ActiveCfg = Debug|Any CPU
		{3D719C8B-20B1-43D3-896F-146092DDD04A}.Debug|Any CPU.Build.0 = Debug|Any CPU
		{3D719C8B-20B1-43D3-896F-146092DDD04A}.Release|Any CPU.ActiveCfg = Release|Any CPU
		{3D719C8B-20B1-43D3-896F-146092DDD04A}.Release|Any CPU.Build.0 = Release|Any CPU
		{805B072E-9B18-4C59-90B1-B06699227864}.Debug|Any CPU.ActiveCfg = Debug|Any CPU
		{805B072E-9B18-4C59-90B1-B06699227864}.Debug|Any CPU.Build.0 = Debug|Any CPU
		{805B072E-9B18-4C59-90B1-B06699227864}.Release|Any CPU.ActiveCfg = Release|Any CPU
		{805B072E-9B18-4C59-90B1-B06699227864}.Release|Any CPU.Build.0 = Release|Any CPU
	EndGlobalSection
EndGlobal
